
Microsoft Visual Studio Solution File, Format Version 11.00
# Visual Studio 2010
Project("{FAE04EC0-301F-11D3-BF4B-00C04F79EFBC}") = "Multinet", "Multinet.csproj", "{434511A4-6C6C-4B8E-95B4-D5C2E9F3689C}"
EndProject
Global
	GlobalSection(SolutionConfigurationPlatforms) = preSolution
		Debug|Any CPU = Debug|Any CPU
		Release|Any CPU = Release|Any CPU
	EndGlobalSection
	GlobalSection(ProjectConfigurationPlatforms) = postSolution
		{434511A4-6C6C-4B8E-95B4-D5C2E9F3689C}.Debug|Any CPU.ActiveCfg = Debug|Any CPU
		{434511A4-6C6C-4B8E-95B4-D5C2E9F3689C}.Debug|Any CPU.Build.0 = Debug|Any CPU
		{434511A4-6C6C-4B8E-95B4-D5C2E9F3689C}.Release|Any CPU.ActiveCfg = Release|Any CPU
		{434511A4-6C6C-4B8E-95B4-D5C2E9F3689C}.Release|Any CPU.Build.0 = Release|Any CPU
	EndGlobalSection
	GlobalSection(MonoDevelopProperties) = preSolution
		StartupItem = Multinet.csproj
	EndGlobalSection
EndGlobal
